// !$*UTF8*$!
{
	archiveVersion = 1;
	classes = {
	};
	objectVersion = 77;
	objects = {

/* Begin PBXBuildFile section */
		59F1E5862DF2D32D001E8F13 /* context.cpp in Sources */ = {isa = PBXBuildFile; fileRef = 59F1E5852DF2D32D001E8F13 /* context.cpp */; };
		59F1E5872DF2D32D001E8F13 /* context.cpp in Sources */ = {isa = PBXBuildFile; fileRef = 59F1E5852DF2D32D001E8F13 /* context.cpp */; };
		59F1E58B2DF2D551001E8F13 /* texture.cpp in Sources */ = {isa = PBXBuildFile; fileRef = 59F1E58A2DF2D551001E8F13 /* texture.cpp */; };
		59F1E58C2DF2D551001E8F13 /* texture.cpp in Sources */ = {isa = PBXBuildFile; fileRef = 59F1E58A2DF2D551001E8F13 /* texture.cpp */; };
		59F1E58F2DF2EBD6001E8F13 /* device.cpp in Sources */ = {isa = PBXBuildFile; fileRef = 59F1E58E2DF2EBD6001E8F13 /* device.cpp */; };
		59F1E5902DF2EBD6001E8F13 /* device.cpp in Sources */ = {isa = PBXBuildFile; fileRef = 59F1E58E2DF2EBD6001E8F13 /* device.cpp */; };
		59F1E5922DF41669001E8F13 /* buffer.cpp in Sources */ = {isa = PBXBuildFile; fileRef = 59F1E5912DF41669001E8F13 /* buffer.cpp */; };
		59F1E5932DF41669001E8F13 /* buffer.cpp in Sources */ = {isa = PBXBuildFile; fileRef = 59F1E5912DF41669001E8F13 /* buffer.cpp */; };
		AA0001012DF00000001E8F13 /* adapter.cpp in Sources */ = {isa = PBXBuildFile; fileRef = AA0001002DF00000001E8F13 /* adapter.cpp */; };
		AA0001022DF00000001E8F13 /* adapter.cpp in Sources */ = {isa = PBXBuildFile; fileRef = AA0001002DF00000001E8F13 /* adapter.cpp */; };
		AA0001042DF00000001E8F13 /* pixel_format.cpp in Sources */ = {isa = PBXBuildFile; fileRef = AA0001032DF00000001E8F13 /* pixel_format.cpp */; };
		AA0001052DF00000001E8F13 /* pixel_format.cpp in Sources */ = {isa = PBXBuildFile; fileRef = AA0001032DF00000001E8F13 /* pixel_format.cpp */; };
		BB0001012DF00000001E8F13 /* bind_group.cpp in Sources */ = {isa = PBXBuildFile; fileRef = BB0000012DF00000001E8F13 /* bind_group.cpp */; };
		BB0002012DF00000001E8F13 /* bind_group.cpp in Sources */ = {isa = PBXBuildFile; fileRef = BB0000012DF00000001E8F13 /* bind_group.cpp */; };
		BB0001022DF00000001E8F13 /* bind_group_layout.cpp in Sources */ = {isa = PBXBuildFile; fileRef = BB0000022DF00000001E8F13 /* bind_group_layout.cpp */; };
		BB0002022DF00000001E8F13 /* bind_group_layout.cpp in Sources */ = {isa = PBXBuildFile; fileRef = BB0000022DF00000001E8F13 /* bind_group_layout.cpp */; };
		BB0001032DF00000001E8F13 /* command_buffer.cpp in Sources */ = {isa = PBXBuildFile; fileRef = BB0000032DF00000001E8F13 /* command_buffer.cpp */; };
		BB0002032DF00000001E8F13 /* command_buffer.cpp in Sources */ = {isa = PBXBuildFile; fileRef = BB0000032DF00000001E8F13 /* command_buffer.cpp */; };
		BB0001042DF00000001E8F13 /* command_encoder.cpp in Sources */ = {isa = PBXBuildFile; fileRef = BB0000042DF00000001E8F13 /* command_encoder.cpp */; };
		BB0002042DF00000001E8F13 /* command_encoder.cpp in Sources */ = {isa = PBXBuildFile; fileRef = BB0000042DF00000001E8F13 /* command_encoder.cpp */; };
		BB0001052DF00000001E8F13 /* compute_pass_encoder.cpp in Sources */ = {isa = PBXBuildFile; fileRef = BB0000052DF00000001E8F13 /* compute_pass_encoder.cpp */; };
		BB0002052DF00000001E8F13 /* compute_pass_encoder.cpp in Sources */ = {isa = PBXBuildFile; fileRef = BB0000052DF00000001E8F13 /* compute_pass_encoder.cpp */; };
		BB0001062DF00000001E8F13 /* compute_pipeline.cpp in Sources */ = {isa = PBXBuildFile; fileRef = BB0000062DF00000001E8F13 /* compute_pipeline.cpp */; };
		BB0002062DF00000001E8F13 /* compute_pipeline.cpp in Sources */ = {isa = PBXBuildFile; fileRef = BB0000062DF00000001E8F13 /* compute_pipeline.cpp */; };
		BB0001072DF00000001E8F13 /* pipeline_layout.cpp in Sources */ = {isa = PBXBuildFile; fileRef = BB0000072DF00000001E8F13 /* pipeline_layout.cpp */; };
		BB0002072DF00000001E8F13 /* pipeline_layout.cpp in Sources */ = {isa = PBXBuildFile; fileRef = BB0000072DF00000001E8F13 /* pipeline_layout.cpp */; };
		BB0001082DF00000001E8F13 /* query_set.cpp in Sources */ = {isa = PBXBuildFile; fileRef = BB0000082DF00000001E8F13 /* query_set.cpp */; };
		BB0002082DF00000001E8F13 /* query_set.cpp in Sources */ = {isa = PBXBuildFile; fileRef = BB0000082DF00000001E8F13 /* query_set.cpp */; };
		BB0001092DF00000001E8F13 /* render_pass_encoder.cpp in Sources */ = {isa = PBXBuildFile; fileRef = BB0000092DF00000001E8F13 /* render_pass_encoder.cpp */; };
		BB0002092DF00000001E8F13 /* render_pass_encoder.cpp in Sources */ = {isa = PBXBuildFile; fileRef = BB0000092DF00000001E8F13 /* render_pass_encoder.cpp */; };
		BB00010A2DF00000001E8F13 /* render_pipeline.cpp in Sources */ = {isa = PBXBuildFile; fileRef = BB00000A2DF00000001E8F13 /* render_pipeline.cpp */; };
		BB00020A2DF00000001E8F13 /* render_pipeline.cpp in Sources */ = {isa = PBXBuildFile; fileRef = BB00000A2DF00000001E8F13 /* render_pipeline.cpp */; };
		BB00010B2DF00000001E8F13 /* sampler.cpp in Sources */ = {isa = PBXBuildFile; fileRef = BB00000B2DF00000001E8F13 /* sampler.cpp */; };
		BB00020B2DF00000001E8F13 /* sampler.cpp in Sources */ = {isa = PBXBuildFile; fileRef = BB00000B2DF00000001E8F13 /* sampler.cpp */; };
		BB00010C2DF00000001E8F13 /* shader_module.cpp in Sources */ = {isa = PBXBuildFile; fileRef = BB00000C2DF00000001E8F13 /* shader_module.cpp */; };
		BB00020C2DF00000001E8F13 /* shader_module.cpp in Sources */ = {isa = PBXBuildFile; fileRef = BB00000C2DF00000001E8F13 /* shader_module.cpp */; };
		BB00010D2DF00000001E8F13 /* texture_view.cpp in Sources */ = {isa = PBXBuildFile; fileRef = BB00000D2DF00000001E8F13 /* texture_view.cpp */; };
		BB00020D2DF00000001E8F13 /* texture_view.cpp in Sources */ = {isa = PBXBuildFile; fileRef = BB00000D2DF00000001E8F13 /* texture_view.cpp */; };
		BB00010E2DF00000001E8F13 /* utils.cpp in Sources */ = {isa = PBXBuildFile; fileRef = BB00000E2DF00000001E8F13 /* utils.cpp */; };
		BB00020E2DF00000001E8F13 /* utils.cpp in Sources */ = {isa = PBXBuildFile; fileRef = BB00000E2DF00000001E8F13 /* utils.cpp */; };
/* End PBXBuildFile section */

/* Begin PBXFileReference section */
		59F150C02DF0CCBF00F0D831 /* campello_test.app */ = {isa = PBXFileReference; explicitFileType = wrapper.application; includeInIndex = 0; path = campello_test.app; sourceTree = BUILT_PRODUCTS_DIR; };
		59F150D52DF0CCBF00F0D831 /* campello_test.app */ = {isa = PBXFileReference; explicitFileType = wrapper.application; includeInIndex = 0; path = campello_test.app; sourceTree = BUILT_PRODUCTS_DIR; };
		59F1E5852DF2D32D001E8F13 /* context.cpp */ = {isa = PBXFileReference; lastKnownFileType = sourcecode.cpp.cpp; name = context.cpp; path = ../../../src/metal/context.cpp; sourceTree = SOURCE_ROOT; };
		59F1E5892DF2D35C001E8F13 /* Metal.hpp */ = {isa = PBXFileReference; lastKnownFileType = sourcecode.cpp.h; name = Metal.hpp; path = ../../../src/metal/Metal.hpp; sourceTree = SOURCE_ROOT; };
		59F1E58A2DF2D551001E8F13 /* texture.cpp */ = {isa = PBXFileReference; lastKnownFileType = sourcecode.cpp.cpp; name = texture.cpp; path = ../../../src/metal/texture.cpp; sourceTree = SOURCE_ROOT; };
		59F1E58E2DF2EBD6001E8F13 /* device.cpp */ = {isa = PBXFileReference; lastKnownFileType = sourcecode.cpp.cpp; name = device.cpp; path = ../../../src/metal/device.cpp; sourceTree = SOURCE_ROOT; };
		59F1E5912DF41669001E8F13 /* buffer.cpp */ = {isa = PBXFileReference; lastKnownFileType = sourcecode.cpp.cpp; name = buffer.cpp; path = ../../../src/metal/buffer.cpp; sourceTree = SOURCE_ROOT; };
		AA0001002DF00000001E8F13 /* adapter.cpp */ = {isa = PBXFileReference; lastKnownFileType = sourcecode.cpp.cpp; name = adapter.cpp; path = ../../../src/metal/adapter.cpp; sourceTree = SOURCE_ROOT; };
		AA0001032DF00000001E8F13 /* pixel_format.cpp */ = {isa = PBXFileReference; lastKnownFileType = sourcecode.cpp.cpp; name = pixel_format.cpp; path = ../../../src/pi/pixel_format.cpp; sourceTree = SOURCE_ROOT; };
		BB0000012DF00000001E8F13 /* bind_group.cpp */ = {isa = PBXFileReference; lastKnownFileType = sourcecode.cpp.cpp; name = bind_group.cpp; path = ../../../src/metal/bind_group.cpp; sourceTree = SOURCE_ROOT; };
		BB0000022DF00000001E8F13 /* bind_group_layout.cpp */ = {isa = PBXFileReference; lastKnownFileType = sourcecode.cpp.cpp; name = bind_group_layout.cpp; path = ../../../src/metal/bind_group_layout.cpp; sourceTree = SOURCE_ROOT; };
		BB0000032DF00000001E8F13 /* command_buffer.cpp */ = {isa = PBXFileReference; lastKnownFileType = sourcecode.cpp.cpp; name = command_buffer.cpp; path = ../../../src/metal/command_buffer.cpp; sourceTree = SOURCE_ROOT; };
		BB0000042DF00000001E8F13 /* command_encoder.cpp */ = {isa = PBXFileReference; lastKnownFileType = sourcecode.cpp.cpp; name = command_encoder.cpp; path = ../../../src/metal/command_encoder.cpp; sourceTree = SOURCE_ROOT; };
		BB0000052DF00000001E8F13 /* compute_pass_encoder.cpp */ = {isa = PBXFileReference; lastKnownFileType = sourcecode.cpp.cpp; name = compute_pass_encoder.cpp; path = ../../../src/metal/compute_pass_encoder.cpp; sourceTree = SOURCE_ROOT; };
		BB0000062DF00000001E8F13 /* compute_pipeline.cpp */ = {isa = PBXFileReference; lastKnownFileType = sourcecode.cpp.cpp; name = compute_pipeline.cpp; path = ../../../src/metal/compute_pipeline.cpp; sourceTree = SOURCE_ROOT; };
		BB0000072DF00000001E8F13 /* pipeline_layout.cpp */ = {isa = PBXFileReference; lastKnownFileType = sourcecode.cpp.cpp; name = pipeline_layout.cpp; path = ../../../src/metal/pipeline_layout.cpp; sourceTree = SOURCE_ROOT; };
		BB0000082DF00000001E8F13 /* query_set.cpp */ = {isa = PBXFileReference; lastKnownFileType = sourcecode.cpp.cpp; name = query_set.cpp; path = ../../../src/metal/query_set.cpp; sourceTree = SOURCE_ROOT; };
		BB0000092DF00000001E8F13 /* render_pass_encoder.cpp */ = {isa = PBXFileReference; lastKnownFileType = sourcecode.cpp.cpp; name = render_pass_encoder.cpp; path = ../../../src/metal/render_pass_encoder.cpp; sourceTree = SOURCE_ROOT; };
		BB00000A2DF00000001E8F13 /* render_pipeline.cpp */ = {isa = PBXFileReference; lastKnownFileType = sourcecode.cpp.cpp; name = render_pipeline.cpp; path = ../../../src/metal/render_pipeline.cpp; sourceTree = SOURCE_ROOT; };
		BB00000B2DF00000001E8F13 /* sampler.cpp */ = {isa = PBXFileReference; lastKnownFileType = sourcecode.cpp.cpp; name = sampler.cpp; path = ../../../src/metal/sampler.cpp; sourceTree = SOURCE_ROOT; };
		BB00000C2DF00000001E8F13 /* shader_module.cpp */ = {isa = PBXFileReference; lastKnownFileType = sourcecode.cpp.cpp; name = shader_module.cpp; path = ../../../src/metal/shader_module.cpp; sourceTree = SOURCE_ROOT; };
		BB00000D2DF00000001E8F13 /* texture_view.cpp */ = {isa = PBXFileReference; lastKnownFileType = sourcecode.cpp.cpp; name = texture_view.cpp; path = ../../../src/metal/texture_view.cpp; sourceTree = SOURCE_ROOT; };
		BB00000E2DF00000001E8F13 /* utils.cpp */ = {isa = PBXFileReference; lastKnownFileType = sourcecode.cpp.cpp; name = utils.cpp; path = ../../../src/pi/utils.cpp; sourceTree = SOURCE_ROOT; };
/* End PBXFileReference section */

/* Begin PBXFileSystemSynchronizedBuildFileExceptionSet section */
		59F150E92DF0CCBF00F0D831 /* Exceptions for "campello_test Shared" folder in "campello_test iOS" target */ = {
			isa = PBXFileSystemSynchronizedBuildFileExceptionSet;
			membershipExceptions = (
				Assets.xcassets,
				Renderer.mm,
				Shaders.metal,
			);
			target = 59F150BF2DF0CCBF00F0D831 /* campello_test iOS */;
		};
		59F150ED2DF0CCBF00F0D831 /* Exceptions for "campello_test Shared" folder in "campello_test macOS" target */ = {
			isa = PBXFileSystemSynchronizedBuildFileExceptionSet;
			membershipExceptions = (
				Assets.xcassets,
				Renderer.mm,
				Shaders.metal,
			);
			target = 59F150D42DF0CCBF00F0D831 /* campello_test macOS */;
		};
/* End PBXFileSystemSynchronizedBuildFileExceptionSet section */

/* Begin PBXFileSystemSynchronizedRootGroup section */
		59F150B62DF0CCBC00F0D831 /* campello_test Shared */ = {
			isa = PBXFileSystemSynchronizedRootGroup;
			exceptions = (
				59F150E92DF0CCBF00F0D831 /* Exceptions for "campello_test Shared" folder in "campello_test iOS" target */,
				59F150ED2DF0CCBF00F0D831 /* Exceptions for "campello_test Shared" folder in "campello_test macOS" target */,
			);
			path = "campello_test Shared";
			sourceTree = "<group>";
		};
		59F150C22DF0CCBF00F0D831 /* campello_test iOS */ = {
			isa = PBXFileSystemSynchronizedRootGroup;
			path = "campello_test iOS";
			sourceTree = "<group>";
		};
		59F150D62DF0CCBF00F0D831 /* campello_test macOS */ = {
			isa = PBXFileSystemSynchronizedRootGroup;
			path = "campello_test macOS";
			sourceTree = "<group>";
		};
/* End PBXFileSystemSynchronizedRootGroup section */

/* Begin PBXFrameworksBuildPhase section */
		59F150BD2DF0CCBF00F0D831 /* Frameworks */ = {
			isa = PBXFrameworksBuildPhase;
			buildActionMask = 2147483647;
			files = (
			);
			runOnlyForDeploymentPostprocessing = 0;
		};
		59F150D22DF0CCBF00F0D831 /* Frameworks */ = {
			isa = PBXFrameworksBuildPhase;
			buildActionMask = 2147483647;
			files = (
			);
			runOnlyForDeploymentPostprocessing = 0;
		};
/* End PBXFrameworksBuildPhase section */

/* Begin PBXGroup section */
		5931C1D92DF59C13001918ED /* campello */ = {
			isa = PBXGroup;
			children = (
				AA0001002DF00000001E8F13 /* adapter.cpp */,
				BB0000012DF00000001E8F13 /* bind_group.cpp */,
				BB0000022DF00000001E8F13 /* bind_group_layout.cpp */,
				59F1E5912DF41669001E8F13 /* buffer.cpp */,
				BB0000032DF00000001E8F13 /* command_buffer.cpp */,
				BB0000042DF00000001E8F13 /* command_encoder.cpp */,
				BB0000052DF00000001E8F13 /* compute_pass_encoder.cpp */,
				BB0000062DF00000001E8F13 /* compute_pipeline.cpp */,
				59F1E5852DF2D32D001E8F13 /* context.cpp */,
				59F1E58E2DF2EBD6001E8F13 /* device.cpp */,
				59F1E5892DF2D35C001E8F13 /* Metal.hpp */,
				AA0001032DF00000001E8F13 /* pixel_format.cpp */,
				BB0000072DF00000001E8F13 /* pipeline_layout.cpp */,
				BB0000082DF00000001E8F13 /* query_set.cpp */,
				BB0000092DF00000001E8F13 /* render_pass_encoder.cpp */,
				BB00000A2DF00000001E8F13 /* render_pipeline.cpp */,
				BB00000B2DF00000001E8F13 /* sampler.cpp */,
				BB00000C2DF00000001E8F13 /* shader_module.cpp */,
				59F1E58A2DF2D551001E8F13 /* texture.cpp */,
				BB00000D2DF00000001E8F13 /* texture_view.cpp */,
				BB00000E2DF00000001E8F13 /* utils.cpp */,
			);
			path = campello;
			sourceTree = "<group>";
		};
		59F150B12DF0CCBC00F0D831 = {
			isa = PBXGroup;
			children = (
				5931C1D92DF59C13001918ED /* campello */,
				59F150B62DF0CCBC00F0D831 /* campello_test Shared */,
				59F150C22DF0CCBF00F0D831 /* campello_test iOS */,
				59F150D62DF0CCBF00F0D831 /* campello_test macOS */,
				59F150C12DF0CCBF00F0D831 /* Products */,
			);
			sourceTree = "<group>";
		};
		59F150C12DF0CCBF00F0D831 /* Products */ = {
			isa = PBXGroup;
			children = (
				59F150C02DF0CCBF00F0D831 /* campello_test.app */,
				59F150D52DF0CCBF00F0D831 /* campello_test.app */,
			);
			name = Products;
			sourceTree = "<group>";
		};
/* End PBXGroup section */

/* Begin PBXNativeTarget section */
		59F150BF2DF0CCBF00F0D831 /* campello_test iOS */ = {
			isa = PBXNativeTarget;
			buildConfigurationList = 59F150EA2DF0CCBF00F0D831 /* Build configuration list for PBXNativeTarget "campello_test iOS" */;
			buildPhases = (
				59F150BC2DF0CCBF00F0D831 /* Sources */,
				59F150BD2DF0CCBF00F0D831 /* Frameworks */,
				59F150BE2DF0CCBF00F0D831 /* Resources */,
			);
			buildRules = (
			);
			dependencies = (
			);
			fileSystemSynchronizedGroups = (
				59F150C22DF0CCBF00F0D831 /* campello_test iOS */,
			);
			name = "campello_test iOS";
			packageProductDependencies = (
			);
			productName = "campello_test iOS";
			productReference = 59F150C02DF0CCBF00F0D831 /* campello_test.app */;
			productType = "com.apple.product-type.application";
		};
		59F150D42DF0CCBF00F0D831 /* campello_test macOS */ = {
			isa = PBXNativeTarget;
			buildConfigurationList = 59F150EE2DF0CCBF00F0D831 /* Build configuration list for PBXNativeTarget "campello_test macOS" */;
			buildPhases = (
				59F150D12DF0CCBF00F0D831 /* Sources */,
				59F150D22DF0CCBF00F0D831 /* Frameworks */,
				59F150D32DF0CCBF00F0D831 /* Resources */,
			);
			buildRules = (
			);
			dependencies = (
			);
			fileSystemSynchronizedGroups = (
				59F150D62DF0CCBF00F0D831 /* campello_test macOS */,
			);
			name = "campello_test macOS";
			packageProductDependencies = (
			);
			productName = "campello_test macOS";
			productReference = 59F150D52DF0CCBF00F0D831 /* campello_test.app */;
			productType = "com.apple.product-type.application";
		};
/* End PBXNativeTarget section */

/* Begin PBXProject section */
		59F150B22DF0CCBC00F0D831 /* Project object */ = {
			isa = PBXProject;
			attributes = {
				BuildIndependentTargetsInParallel = 1;
				LastUpgradeCheck = 1640;
				TargetAttributes = {
					59F150BF2DF0CCBF00F0D831 = {
						CreatedOnToolsVersion = 16.4;
					};
					59F150D42DF0CCBF00F0D831 = {
						CreatedOnToolsVersion = 16.4;
					};
				};
			};
			buildConfigurationList = 59F150B52DF0CCBC00F0D831 /* Build configuration list for PBXProject "campello_test" */;
			developmentRegion = en;
			hasScannedForEncodings = 0;
			knownRegions = (
				en,
				Base,
			);
			mainGroup = 59F150B12DF0CCBC00F0D831;
			minimizedProjectReferenceProxies = 1;
			preferredProjectObjectVersion = 77;
			productRefGroup = 59F150C12DF0CCBF00F0D831 /* Products */;
			projectDirPath = "";
			projectRoot = "";
			targets = (
				59F150BF2DF0CCBF00F0D831 /* campello_test iOS */,
				59F150D42DF0CCBF00F0D831 /* campello_test macOS */,
			);
		};
/* End PBXProject section */

/* Begin PBXResourcesBuildPhase section */
		59F150BE2DF0CCBF00F0D831 /* Resources */ = {
			isa = PBXResourcesBuildPhase;
			buildActionMask = 2147483647;
			files = (
			);
			runOnlyForDeploymentPostprocessing = 0;
		};
		59F150D32DF0CCBF00F0D831 /* Resources */ = {
			isa = PBXResourcesBuildPhase;
			buildActionMask = 2147483647;
			files = (
			);
			runOnlyForDeploymentPostprocessing = 0;
		};
/* End PBXResourcesBuildPhase section */

/* Begin PBXSourcesBuildPhase section */
		59F150BC2DF0CCBF00F0D831 /* Sources */ = {
			isa = PBXSourcesBuildPhase;
			buildActionMask = 2147483647;
			files = (
				AA0001012DF00000001E8F13 /* adapter.cpp in Sources */,
				BB0001012DF00000001E8F13 /* bind_group.cpp in Sources */,
				BB0001022DF00000001E8F13 /* bind_group_layout.cpp in Sources */,
				59F1E5922DF41669001E8F13 /* buffer.cpp in Sources */,
				BB0001032DF00000001E8F13 /* command_buffer.cpp in Sources */,
				BB0001042DF00000001E8F13 /* command_encoder.cpp in Sources */,
				BB0001052DF00000001E8F13 /* compute_pass_encoder.cpp in Sources */,
				BB0001062DF00000001E8F13 /* compute_pipeline.cpp in Sources */,
				59F1E5872DF2D32D001E8F13 /* context.cpp in Sources */,
				59F1E5902DF2EBD6001E8F13 /* device.cpp in Sources */,
				AA0001042DF00000001E8F13 /* pixel_format.cpp in Sources */,
				BB0001072DF00000001E8F13 /* pipeline_layout.cpp in Sources */,
				BB0001082DF00000001E8F13 /* query_set.cpp in Sources */,
				BB0001092DF00000001E8F13 /* render_pass_encoder.cpp in Sources */,
				BB00010A2DF00000001E8F13 /* render_pipeline.cpp in Sources */,
				BB00010B2DF00000001E8F13 /* sampler.cpp in Sources */,
				BB00010C2DF00000001E8F13 /* shader_module.cpp in Sources */,
				59F1E58B2DF2D551001E8F13 /* texture.cpp in Sources */,
				BB00010D2DF00000001E8F13 /* texture_view.cpp in Sources */,
				BB00010E2DF00000001E8F13 /* utils.cpp in Sources */,
			);
			runOnlyForDeploymentPostprocessing = 0;
		};
		59F150D12DF0CCBF00F0D831 /* Sources */ = {
			isa = PBXSourcesBuildPhase;
			buildActionMask = 2147483647;
			files = (
				AA0001022DF00000001E8F13 /* adapter.cpp in Sources */,
				BB0002012DF00000001E8F13 /* bind_group.cpp in Sources */,
				BB0002022DF00000001E8F13 /* bind_group_layout.cpp in Sources */,
				59F1E5932DF41669001E8F13 /* buffer.cpp in Sources */,
				BB0002032DF00000001E8F13 /* command_buffer.cpp in Sources */,
				BB0002042DF00000001E8F13 /* command_encoder.cpp in Sources */,
				BB0002052DF00000001E8F13 /* compute_pass_encoder.cpp in Sources */,
				BB0002062DF00000001E8F13 /* compute_pipeline.cpp in Sources */,
				59F1E5862DF2D32D001E8F13 /* context.cpp in Sources */,
				59F1E58F2DF2EBD6001E8F13 /* device.cpp in Sources */,
				AA0001052DF00000001E8F13 /* pixel_format.cpp in Sources */,
				BB0002072DF00000001E8F13 /* pipeline_layout.cpp in Sources */,
				BB0002082DF00000001E8F13 /* query_set.cpp in Sources */,
				BB0002092DF00000001E8F13 /* render_pass_encoder.cpp in Sources */,
				BB00020A2DF00000001E8F13 /* render_pipeline.cpp in Sources */,
				BB00020B2DF00000001E8F13 /* sampler.cpp in Sources */,
				BB00020C2DF00000001E8F13 /* shader_module.cpp in Sources */,
				59F1E58C2DF2D551001E8F13 /* texture.cpp in Sources */,
				BB00020D2DF00000001E8F13 /* texture_view.cpp in Sources */,
				BB00020E2DF00000001E8F13 /* utils.cpp in Sources */,
			);
			runOnlyForDeploymentPostprocessing = 0;
		};
/* End PBXSourcesBuildPhase section */

/* Begin XCBuildConfiguration section */
		59F150EB2DF0CCBF00F0D831 /* Debug */ = {
			isa = XCBuildConfiguration;
			buildSettings = {
				ASSETCATALOG_COMPILER_APPICON_NAME = AppIcon;
				ASSETCATALOG_COMPILER_GLOBAL_ACCENT_COLOR_NAME = AccentColor;
				CODE_SIGN_STYLE = Automatic;
				CURRENT_PROJECT_VERSION = 1;
				DEVELOPMENT_TEAM = SJ5Y59W7JK;
				GENERATE_INFOPLIST_FILE = YES;
				HEADER_SEARCH_PATHS = ../../../inc;
				INFOPLIST_KEY_UIApplicationSupportsIndirectInputEvents = YES;
				INFOPLIST_KEY_UILaunchStoryboardName = LaunchScreen;
				INFOPLIST_KEY_UIMainStoryboardFile = Main;
				INFOPLIST_KEY_UIStatusBarHidden = YES;
				INFOPLIST_KEY_UISupportedInterfaceOrientations_iPad = "UIInterfaceOrientationPortrait UIInterfaceOrientationPortraitUpsideDown UIInterfaceOrientationLandscapeLeft UIInterfaceOrientationLandscapeRight";
				INFOPLIST_KEY_UISupportedInterfaceOrientations_iPhone = "UIInterfaceOrientationPortrait UIInterfaceOrientationLandscapeLeft UIInterfaceOrientationLandscapeRight";
				IPHONEOS_DEPLOYMENT_TARGET = 18.5;
				LD_RUNPATH_SEARCH_PATHS = (
					"$(inherited)",
					"@executable_path/Frameworks",
				);
				MARKETING_VERSION = 1.0;
				PRODUCT_BUNDLE_IDENTIFIER = "systems.leal.campello-test";
				PRODUCT_NAME = campello_test;
				SDKROOT = iphoneos;
				SWIFT_EMIT_LOC_STRINGS = YES;
				TARGETED_DEVICE_FAMILY = "1,2";
				USER_HEADER_SEARCH_PATHS = "";
			};
			name = Debug;
		};
		59F150EC2DF0CCBF00F0D831 /* Release */ = {
			isa = XCBuildConfiguration;
			buildSettings = {
				ASSETCATALOG_COMPILER_APPICON_NAME = AppIcon;
				ASSETCATALOG_COMPILER_GLOBAL_ACCENT_COLOR_NAME = AccentColor;
				CODE_SIGN_STYLE = Automatic;
				CURRENT_PROJECT_VERSION = 1;
				DEVELOPMENT_TEAM = SJ5Y59W7JK;
				GENERATE_INFOPLIST_FILE = YES;
				HEADER_SEARCH_PATHS = ../../../inc;
				INFOPLIST_KEY_UIApplicationSupportsIndirectInputEvents = YES;
				INFOPLIST_KEY_UILaunchStoryboardName = LaunchScreen;
				INFOPLIST_KEY_UIMainStoryboardFile = Main;
				INFOPLIST_KEY_UIStatusBarHidden = YES;
				INFOPLIST_KEY_UISupportedInterfaceOrientations_iPad = "UIInterfaceOrientationPortrait UIInterfaceOrientationPortraitUpsideDown UIInterfaceOrientationLandscapeLeft UIInterfaceOrientationLandscapeRight";
				INFOPLIST_KEY_UISupportedInterfaceOrientations_iPhone = "UIInterfaceOrientationPortrait UIInterfaceOrientationLandscapeLeft UIInterfaceOrientationLandscapeRight";
				IPHONEOS_DEPLOYMENT_TARGET = 18.5;
				LD_RUNPATH_SEARCH_PATHS = (
					"$(inherited)",
					"@executable_path/Frameworks",
				);
				MARKETING_VERSION = 1.0;
				PRODUCT_BUNDLE_IDENTIFIER = "systems.leal.campello-test";
				PRODUCT_NAME = campello_test;
				SDKROOT = iphoneos;
				SWIFT_EMIT_LOC_STRINGS = YES;
				TARGETED_DEVICE_FAMILY = "1,2";
				USER_HEADER_SEARCH_PATHS = "";
				VALIDATE_PRODUCT = YES;
			};
			name = Release;
		};
		59F150EF2DF0CCBF00F0D831 /* Debug */ = {
			isa = XCBuildConfiguration;
			buildSettings = {
				ASSETCATALOG_COMPILER_APPICON_NAME = AppIcon;
				ASSETCATALOG_COMPILER_GLOBAL_ACCENT_COLOR_NAME = AccentColor;
				CODE_SIGN_ENTITLEMENTS = "campello_test macOS/campello_test_macOS.entitlements";
				CODE_SIGN_STYLE = Automatic;
				COMBINE_HIDPI_IMAGES = YES;
				CURRENT_PROJECT_VERSION = 1;
				GENERATE_INFOPLIST_FILE = YES;
				HEADER_SEARCH_PATHS = ../../../inc;
				INFOPLIST_KEY_NSHumanReadableCopyright = "";
				INFOPLIST_KEY_NSMainStoryboardFile = Main;
				INFOPLIST_KEY_NSPrincipalClass = NSApplication;
				LD_RUNPATH_SEARCH_PATHS = (
					"$(inherited)",
					"@executable_path/../Frameworks",
				);
				MACOSX_DEPLOYMENT_TARGET = 15.5;
				MARKETING_VERSION = 1.0;
				PRODUCT_BUNDLE_IDENTIFIER = "systems.leal.campello-test";
				PRODUCT_NAME = campello_test;
				REGISTER_APP_GROUPS = YES;
				SDKROOT = macosx;
				SWIFT_EMIT_LOC_STRINGS = YES;
			};
			name = Debug;
		};
		59F150F02DF0CCBF00F0D831 /* Release */ = {
			isa = XCBuildConfiguration;
			buildSettings = {
				ASSETCATALOG_COMPILER_APPICON_NAME = AppIcon;
				ASSETCATALOG_COMPILER_GLOBAL_ACCENT_COLOR_NAME = AccentColor;
				CODE_SIGN_ENTITLEMENTS = "campello_test macOS/campello_test_macOS.entitlements";
				CODE_SIGN_STYLE = Automatic;
				COMBINE_HIDPI_IMAGES = YES;
				CURRENT_PROJECT_VERSION = 1;
				GENERATE_INFOPLIST_FILE = YES;
				HEADER_SEARCH_PATHS = ../../../inc;
				INFOPLIST_KEY_NSHumanReadableCopyright = "";
				INFOPLIST_KEY_NSMainStoryboardFile = Main;
				INFOPLIST_KEY_NSPrincipalClass = NSApplication;
				LD_RUNPATH_SEARCH_PATHS = (
					"$(inherited)",
					"@executable_path/../Frameworks",
				);
				MACOSX_DEPLOYMENT_TARGET = 15.5;
				MARKETING_VERSION = 1.0;
				PRODUCT_BUNDLE_IDENTIFIER = "systems.leal.campello-test";
				PRODUCT_NAME = campello_test;
				REGISTER_APP_GROUPS = YES;
				SDKROOT = macosx;
				SWIFT_EMIT_LOC_STRINGS = YES;
			};
			name = Release;
		};
		59F150F12DF0CCBF00F0D831 /* Debug */ = {
			isa = XCBuildConfiguration;
			buildSettings = {
				ALWAYS_SEARCH_USER_PATHS = NO;
				ASSETCATALOG_COMPILER_GENERATE_SWIFT_ASSET_SYMBOL_EXTENSIONS = YES;
				CLANG_ANALYZER_NONNULL = YES;
				CLANG_ANALYZER_NUMBER_OBJECT_CONVERSION = YES_AGGRESSIVE;
				CLANG_CXX_LANGUAGE_STANDARD = "gnu++20";
				CLANG_ENABLE_MODULES = YES;
				CLANG_ENABLE_OBJC_ARC = YES;
				CLANG_ENABLE_OBJC_WEAK = YES;
				CLANG_WARN_BLOCK_CAPTURE_AUTORELEASING = YES;
				CLANG_WARN_BOOL_CONVERSION = YES;
				CLANG_WARN_COMMA = YES;
				CLANG_WARN_CONSTANT_CONVERSION = YES;
				CLANG_WARN_DEPRECATED_OBJC_IMPLEMENTATIONS = YES;
				CLANG_WARN_DIRECT_OBJC_ISA_USAGE = YES_ERROR;
				CLANG_WARN_DOCUMENTATION_COMMENTS = YES;
				CLANG_WARN_EMPTY_BODY = YES;
				CLANG_WARN_ENUM_CONVERSION = YES;
				CLANG_WARN_INFINITE_RECURSION = YES;
				CLANG_WARN_INT_CONVERSION = YES;
				CLANG_WARN_NON_LITERAL_NULL_CONVERSION = YES;
				CLANG_WARN_OBJC_IMPLICIT_RETAIN_SELF = YES;
				CLANG_WARN_OBJC_LITERAL_CONVERSION = YES;
				CLANG_WARN_OBJC_ROOT_CLASS = YES_ERROR;
				CLANG_WARN_QUOTED_INCLUDE_IN_FRAMEWORK_HEADER = YES;
				CLANG_WARN_RANGE_LOOP_ANALYSIS = YES;
				CLANG_WARN_STRICT_PROTOTYPES = YES;
				CLANG_WARN_SUSPICIOUS_MOVE = YES;
				CLANG_WARN_UNGUARDED_AVAILABILITY = YES_AGGRESSIVE;
				CLANG_WARN_UNREACHABLE_CODE = YES;
				CLANG_WARN__DUPLICATE_METHOD_MATCH = YES;
				COPY_PHASE_STRIP = NO;
				DEBUG_INFORMATION_FORMAT = dwarf;
				ENABLE_STRICT_OBJC_MSGSEND = YES;
				ENABLE_TESTABILITY = YES;
				ENABLE_USER_SCRIPT_SANDBOXING = YES;
				GCC_C_LANGUAGE_STANDARD = gnu17;
				GCC_DYNAMIC_NO_PIC = NO;
				GCC_NO_COMMON_BLOCKS = YES;
				GCC_OPTIMIZATION_LEVEL = 0;
				GCC_PREPROCESSOR_DEFINITIONS = (
					"DEBUG=1",
					"$(inherited)",
				);
				GCC_WARN_64_TO_32_BIT_CONVERSION = YES;
				GCC_WARN_ABOUT_RETURN_TYPE = YES_ERROR;
				GCC_WARN_UNDECLARED_SELECTOR = YES;
				GCC_WARN_UNINITIALIZED_AUTOS = YES_AGGRESSIVE;
				GCC_WARN_UNUSED_FUNCTION = YES;
				GCC_WARN_UNUSED_VARIABLE = YES;
				LOCALIZATION_PREFERS_STRING_CATALOGS = YES;
				MTL_ENABLE_DEBUG_INFO = INCLUDE_SOURCE;
				MTL_FAST_MATH = YES;
				ONLY_ACTIVE_ARCH = YES;
			};
			name = Debug;
		};
		59F150F22DF0CCBF00F0D831 /* Release */ = {
			isa = XCBuildConfiguration;
			buildSettings = {
				ALWAYS_SEARCH_USER_PATHS = NO;
				ASSETCATALOG_COMPILER_GENERATE_SWIFT_ASSET_SYMBOL_EXTENSIONS = YES;
				CLANG_ANALYZER_NONNULL = YES;
				CLANG_ANALYZER_NUMBER_OBJECT_CONVERSION = YES_AGGRESSIVE;
				CLANG_CXX_LANGUAGE_STANDARD = "gnu++20";
				CLANG_ENABLE_MODULES = YES;
				CLANG_ENABLE_OBJC_ARC = YES;
				CLANG_ENABLE_OBJC_WEAK = YES;
				CLANG_WARN_BLOCK_CAPTURE_AUTORELEASING = YES;
				CLANG_WARN_BOOL_CONVERSION = YES;
				CLANG_WARN_COMMA = YES;
				CLANG_WARN_CONSTANT_CONVERSION = YES;
				CLANG_WARN_DEPRECATED_OBJC_IMPLEMENTATIONS = YES;
				CLANG_WARN_DIRECT_OBJC_ISA_USAGE = YES_ERROR;
				CLANG_WARN_DOCUMENTATION_COMMENTS = YES;
				CLANG_WARN_EMPTY_BODY = YES;
				CLANG_WARN_ENUM_CONVERSION = YES;
				CLANG_WARN_INFINITE_RECURSION = YES;
				CLANG_WARN_INT_CONVERSION = YES;
				CLANG_WARN_NON_LITERAL_NULL_CONVERSION = YES;
				CLANG_WARN_OBJC_IMPLICIT_RETAIN_SELF = YES;
				CLANG_WARN_OBJC_LITERAL_CONVERSION = YES;
				CLANG_WARN_OBJC_ROOT_CLASS = YES_ERROR;
				CLANG_WARN_QUOTED_INCLUDE_IN_FRAMEWORK_HEADER = YES;
				CLANG_WARN_RANGE_LOOP_ANALYSIS = YES;
				CLANG_WARN_STRICT_PROTOTYPES = YES;
				CLANG_WARN_SUSPICIOUS_MOVE = YES;
				CLANG_WARN_UNGUARDED_AVAILABILITY = YES_AGGRESSIVE;
				CLANG_WARN_UNREACHABLE_CODE = YES;
				CLANG_WARN__DUPLICATE_METHOD_MATCH = YES;
				COPY_PHASE_STRIP = NO;
				DEBUG_INFORMATION_FORMAT = "dwarf-with-dsym";
				ENABLE_NS_ASSERTIONS = NO;
				ENABLE_STRICT_OBJC_MSGSEND = YES;
				ENABLE_USER_SCRIPT_SANDBOXING = YES;
				GCC_C_LANGUAGE_STANDARD = gnu17;
				GCC_NO_COMMON_BLOCKS = YES;
				GCC_WARN_64_TO_32_BIT_CONVERSION = YES;
				GCC_WARN_ABOUT_RETURN_TYPE = YES_ERROR;
				GCC_WARN_UNDECLARED_SELECTOR = YES;
				GCC_WARN_UNINITIALIZED_AUTOS = YES_AGGRESSIVE;
				GCC_WARN_UNUSED_FUNCTION = YES;
				GCC_WARN_UNUSED_VARIABLE = YES;
				LOCALIZATION_PREFERS_STRING_CATALOGS = YES;
				MTL_ENABLE_DEBUG_INFO = NO;
				MTL_FAST_MATH = YES;
			};
			name = Release;
		};
/* End XCBuildConfiguration section */

/* Begin XCConfigurationList section */
		59F150B52DF0CCBC00F0D831 /* Build configuration list for PBXProject "campello_test" */ = {
			isa = XCConfigurationList;
			buildConfigurations = (
				59F150F12DF0CCBF00F0D831 /* Debug */,
				59F150F22DF0CCBF00F0D831 /* Release */,
			);
			defaultConfigurationIsVisible = 0;
			defaultConfigurationName = Release;
		};
		59F150EA2DF0CCBF00F0D831 /* Build configuration list for PBXNativeTarget "campello_test iOS" */ = {
			isa = XCConfigurationList;
			buildConfigurations = (
				59F150EB2DF0CCBF00F0D831 /* Debug */,
				59F150EC2DF0CCBF00F0D831 /* Release */,
			);
			defaultConfigurationIsVisible = 0;
			defaultConfigurationName = Release;
		};
		59F150EE2DF0CCBF00F0D831 /* Build configuration list for PBXNativeTarget "campello_test macOS" */ = {
			isa = XCConfigurationList;
			buildConfigurations = (
				59F150EF2DF0CCBF00F0D831 /* Debug */,
				59F150F02DF0CCBF00F0D831 /* Release */,
			);
			defaultConfigurationIsVisible = 0;
			defaultConfigurationName = Release;
		};
/* End XCConfigurationList section */
	};
	rootObject = 59F150B22DF0CCBC00F0D831 /* Project object */;
}
